{
  "version": 4,
  "terraform_version": "1.13.4",
  "serial": 53,
  "lineage": "60b0d9ea-f388-7ddc-95c7-758a7eb0a5e9",
  "outputs": {
    "instance_public_ip": {
      "value": "3.18.17.124",
      "type": "string"
    }
  },
  "resources": [
    {
      "mode": "managed",
      "type": "aws_key_pair",
      "name": "my_aws_key",
      "provider": "provider[\"registry.terraform.io/hashicorp/aws\"]",
      "instances": [
        {
          "schema_version": 1,
          "attributes": {
            "arn": "arn:aws:ec2:us-east-2:643913568924:key-pair/web-key",
            "fingerprint": "1b:71:f2:c1:72:31:0e:02:2c:d3:6b:dc:c7:43:be:ee",
            "id": "web-key",
            "key_name": "web-key",
            "key_name_prefix": "",
            "key_pair_id": "key-0114745a61f9163c1",
            "key_type": "rsa",
            "public_key": "ssh-rsa AAAAB3NzaC1yc2EAAAADAQABAAABAQDSWgD3s73MOcb5mrL737pCzKXYbCCzdbQ1udegz4IuwspCUyuL7z9Nf+5DDQ6l5XJoYI0ZjsXDxdQF/HQYrSVFX41VvgTztlSA8fUPYT7MaSRjhnwXV+nI3qvqDEkdrXpFxMk8z+/lBGPiD4xhukuJwQAFqv5LjBNxdniwtxXNKKW6ze/P3Lig3afEqs4VsYw28lDjgXLNjlyNtHyb6UBvEbD5aSubfV/C/YcBegpjZ+05nlGaMZw38xOYpQZLtVRb7dTZ1VlL6uBwnL5lcHIwM1GornYgboe2Zuy0fOzyXUiyLZcffiZtpGM//mkv23NNO5wN9Z5VQwVtVnx7KAbT",
            "tags": {},
            "tags_all": {}
          },
          "sensitive_attributes": [],
          "identity_schema_version": 0,
          "private": "eyJzY2hlbWFfdmVyc2lvbiI6IjEifQ==",
          "dependencies": [
            "tls_private_key.my_key"
          ]
        }
      ]
    },
    {
      "mode": "managed",
      "type": "local_file",
      "name": "my_private_key",
      "provider": "provider[\"registry.terraform.io/hashicorp/local\"]",
      "instances": [
        {
          "schema_version": 0,
          "attributes": {
            "content": "-----BEGIN RSA PRIVATE KEY-----\nMIIEpAIBAAKCAQEA0loA97O9zDnG+Zqy+9+6Qsyl2Gwgs3W0NbnXoM+CLsLKQlMr\ni+8/TX/uQw0OpeVyaGCNGY7Fw8XUBfx0GK0lRV+NVb4E87ZUgPH1D2E+zGkkY4Z8\nF1fpyN6r6gxJHa16RcTJPM/v5QRj4g+MYbpLicEABar+S4wTcXZ4sLcVzSilus3v\nz9y4oN2nxKrOFbGMNvJQ44FyzY5cjbR8m+lAbxGw+Wkrm31fwv2HAXoKY2ftOZ5R\nmjGcN/MTmKUGS7VUW+3U2dVZS+rgcJy+ZXByMDNRqK52IG6HtmbstHzs8l1Isi2X\nH34mbaRjP/5pL9tzTTucDfWeVUMFbVZ8eygG0wIDAQABAoIBABT2g0IsPeEsbasf\nKT2QsXwWvDBlSWnMQR+/9Y1BIM6OlJ/0SexLW4B0HC2/QpM/dB3GAX0A8+FR+Pjf\nv9iPTzeREWfwflQ+lECFdgNvKlYuSqh6FPb+lX3YzKkpsEYU4JEANRqqXlRXq6ll\nUBT5/xORxSUx26w+7KRSE8g73SBYAZyFpzneq2A/trynRknrq5akRbAo2kLoiZ+X\nw7sqkF8PigWN6q8BTTPyldkzxvjG4FuwG33osxT1xVM2m/CNoNAooWR+5jl03ny8\nWk6O7PkP5D0B62dF6I5qlo9VuwSAyDdD7FZY9m2no/qIZc6jKSLY2FSaziKW3Iqo\n6an3NYECgYEA46JU5TsYfoDXm0PvGJ6YucPjE/NFyFGuptFWkD2eJRE2ixWgELkQ\n/bOdKIgcrIzLcJugX1GRkBu1UMo1rhQT7+SsFTBYHupwcDKjFe/KLFtyRhppleCA\nFSg+zRdkNwrR7PPKLFFfYXuU8Ri0R/Nn2nGOKGooAaw734DbYjGFYscCgYEA7JBZ\nSVBtecKFVgVjqwH+xI/JxNrXiqpsc5EqPehU8JgvFIGj1+aYLk2Y7gET28dElFkd\nBa1uVrTq02MaFhYkaXG+fUwopStcJk06mtykEJZJvimPLSdLxevaqhME/R+GWCrI\n342RSWPGQcc6T/8EKZ5D54KxSHlrhnG5JVaFL5UCgYANd1v4V5+iVDLtD37EgRVd\n3/W+B2U4bYScf8PUMqD5ZmRIpBXdB2W27Ho+nJa9qnKajcpV+ThYQxtd1SiJzMxF\nI8z+T+bWpV3TdVtqf84BA8Pl28glQquxFLlqXpjiHLTAhMeQCZxP4wSzopd/rimV\npaQYRfdp6et81F2mGHHgnwKBgQDWoNChV7s7sWTP+uvGh3TiWaKyW+sbACyNXbN5\nn4URFMICVOyWQbzopbaOmaOuz0hFX+SY9hUZzeMQDuXoDAbVNEGj5Kkr0f81MPRu\n9KhV9ETLp2EjkneJBsfJbqAkF6oH7Cl7yjF66G9D1sHtOm5IZDMvpL+8BY2s2Rkl\n6y3DUQKBgQCFppLpgqIEGskY5J4+hDx64VIpRspnxe4CH3K58T2F87S4g+JxTm+Z\nAkghgnsBLKxV6VThmtoaFc5L4jfGuKxo0uZowfhhk8P5oz8ihAm++HKNAOW7FWv6\nojuv3HNRHXJzUecz6TZU7bZ5VpHSV0heZrQdcc83qYtVeMAy0kMnog==\n-----END RSA PRIVATE KEY-----\n",
            "content_base64": null,
            "content_base64sha256": "TZi6B8XyXDMW9MySs8QRQmY88/AUkaJ4MRBOLvEFYh4=",
            "content_base64sha512": "e7ZCRXXqzz0f3rhaeZd2TYBomRGp449famIvZRJy6GOvdWXqhZS3zB6mm5MnJvSsVnmFySW/S0gKZHsgZBqDoQ==",
            "content_md5": "0f77b439c2b40bcfde3c31a6cddd1855",
            "content_sha1": "3911a29c70ac877a078b7844a04a8de545833074",
            "content_sha256": "4d98ba07c5f25c3316f4cc92b3c41142663cf3f01491a27831104e2ef105621e",
            "content_sha512": "7bb6424575eacf3d1fdeb85a7997764d80689911a9e38f5f6a622f651272e863af7565ea8594b7cc1ea69b932726f4ac567985c925bf4b480a647b20641a83a1",
            "directory_permission": "0777",
            "file_permission": "0600",
            "filename": "web-key.pem",
            "id": "3911a29c70ac877a078b7844a04a8de545833074",
            "sensitive_content": null,
            "source": null
          },
          "sensitive_attributes": [
            [
              {
                "type": "get_attr",
                "value": "content"
              }
            ],
            [
              {
                "type": "get_attr",
                "value": "sensitive_content"
              }
            ]
          ],
          "identity_schema_version": 0,
          "dependencies": [
            "tls_private_key.my_key"
          ]
        }
      ]
    },
    {
      "mode": "managed",
      "type": "tls_private_key",
      "name": "my_key",
      "provider": "provider[\"registry.terraform.io/hashicorp/tls\"]",
      "instances": [
        {
          "schema_version": 1,
          "attributes": {
            "algorithm": "RSA",
            "ecdsa_curve": "P224",
            "id": "61601a561deba916b15d006fac7af33b9e297e51",
            "private_key_openssh": "-----BEGIN OPENSSH PRIVATE KEY-----\nb3BlbnNzaC1rZXktdjEAAAAABG5vbmUAAAAEbm9uZQAAAAAAAAABAAABFwAAAAdz\nc2gtcnNhAAAAAwEAAQAAAQEA0loA97O9zDnG+Zqy+9+6Qsyl2Gwgs3W0NbnXoM+C\nLsLKQlMri+8/TX/uQw0OpeVyaGCNGY7Fw8XUBfx0GK0lRV+NVb4E87ZUgPH1D2E+\nzGkkY4Z8F1fpyN6r6gxJHa16RcTJPM/v5QRj4g+MYbpLicEABar+S4wTcXZ4sLcV\nzSilus3vz9y4oN2nxKrOFbGMNvJQ44FyzY5cjbR8m+lAbxGw+Wkrm31fwv2HAXoK\nY2ftOZ5RmjGcN/MTmKUGS7VUW+3U2dVZS+rgcJy+ZXByMDNRqK52IG6HtmbstHzs\n8l1Isi2XH34mbaRjP/5pL9tzTTucDfWeVUMFbVZ8eygG0wAAA7gZxHR0GcR0dAAA\nAAdzc2gtcnNhAAABAQDSWgD3s73MOcb5mrL737pCzKXYbCCzdbQ1udegz4IuwspC\nUyuL7z9Nf+5DDQ6l5XJoYI0ZjsXDxdQF/HQYrSVFX41VvgTztlSA8fUPYT7MaSRj\nhnwXV+nI3qvqDEkdrXpFxMk8z+/lBGPiD4xhukuJwQAFqv5LjBNxdniwtxXNKKW6\nze/P3Lig3afEqs4VsYw28lDjgXLNjlyNtHyb6UBvEbD5aSubfV/C/YcBegpjZ+05\nnlGaMZw38xOYpQZLtVRb7dTZ1VlL6uBwnL5lcHIwM1GornYgboe2Zuy0fOzyXUiy\nLZcffiZtpGM//mkv23NNO5wN9Z5VQwVtVnx7KAbTAAAAAwEAAQAAAQAU9oNCLD3h\nLG2rHyk9kLF8FrwwZUlpzEEfv/WNQSDOjpSf9EnsS1uAdBwtv0KTP3QdxgF9APPh\nUfj437/Yj083kRFn8H5UPpRAhXYDbypWLkqoehT2/pV92MypKbBGFOCRADUaql5U\nV6upZVAU+f8TkcUlMdusPuykUhPIO90gWAGchac53qtgP7a8p0ZJ66uWpEWwKNpC\n6Imfl8O7KpBfD4oFjeqvAU0z8pXZM8b4xuBbsBt96LMU9cVTNpvwjaDQKKFkfuY5\ndN58vFpOjuz5D+Q9AetnReiOapaPVbsEgMg3Q+xWWPZtp6P6iGXOoyki2NhUms4i\nltyKqOmp9zWBAAAAgQCFppLpgqIEGskY5J4+hDx64VIpRspnxe4CH3K58T2F87S4\ng+JxTm+ZAkghgnsBLKxV6VThmtoaFc5L4jfGuKxo0uZowfhhk8P5oz8ihAm++HKN\nAOW7FWv6ojuv3HNRHXJzUecz6TZU7bZ5VpHSV0heZrQdcc83qYtVeMAy0kMnogAA\nAIEA46JU5TsYfoDXm0PvGJ6YucPjE/NFyFGuptFWkD2eJRE2ixWgELkQ/bOdKIgc\nrIzLcJugX1GRkBu1UMo1rhQT7+SsFTBYHupwcDKjFe/KLFtyRhppleCAFSg+zRdk\nNwrR7PPKLFFfYXuU8Ri0R/Nn2nGOKGooAaw734DbYjGFYscAAACBAOyQWUlQbXnC\nhVYFY6sB/sSPycTa14qqbHORKj3oVPCYLxSBo9fmmC5NmO4BE9vHRJRZHQWtbla0\n6tNjGhYWJGlxvn1MKKUrXCZNOprcpBCWSb4pjy0nS8Xr2qoTBP0fhlgqyN+NkUlj\nxkHHOk//BCmeQ+eCsUh5a4ZxuSVWhS+VAAAAAAEC\n-----END OPENSSH PRIVATE KEY-----\n",
            "private_key_pem": "-----BEGIN RSA PRIVATE KEY-----\nMIIEpAIBAAKCAQEA0loA97O9zDnG+Zqy+9+6Qsyl2Gwgs3W0NbnXoM+CLsLKQlMr\ni+8/TX/uQw0OpeVyaGCNGY7Fw8XUBfx0GK0lRV+NVb4E87ZUgPH1D2E+zGkkY4Z8\nF1fpyN6r6gxJHa16RcTJPM/v5QRj4g+MYbpLicEABar+S4wTcXZ4sLcVzSilus3v\nz9y4oN2nxKrOFbGMNvJQ44FyzY5cjbR8m+lAbxGw+Wkrm31fwv2HAXoKY2ftOZ5R\nmjGcN/MTmKUGS7VUW+3U2dVZS+rgcJy+ZXByMDNRqK52IG6HtmbstHzs8l1Isi2X\nH34mbaRjP/5pL9tzTTucDfWeVUMFbVZ8eygG0wIDAQABAoIBABT2g0IsPeEsbasf\nKT2QsXwWvDBlSWnMQR+/9Y1BIM6OlJ/0SexLW4B0HC2/QpM/dB3GAX0A8+FR+Pjf\nv9iPTzeREWfwflQ+lECFdgNvKlYuSqh6FPb+lX3YzKkpsEYU4JEANRqqXlRXq6ll\nUBT5/xORxSUx26w+7KRSE8g73SBYAZyFpzneq2A/trynRknrq5akRbAo2kLoiZ+X\nw7sqkF8PigWN6q8BTTPyldkzxvjG4FuwG33osxT1xVM2m/CNoNAooWR+5jl03ny8\nWk6O7PkP5D0B62dF6I5qlo9VuwSAyDdD7FZY9m2no/qIZc6jKSLY2FSaziKW3Iqo\n6an3NYECgYEA46JU5TsYfoDXm0PvGJ6YucPjE/NFyFGuptFWkD2eJRE2ixWgELkQ\n/bOdKIgcrIzLcJugX1GRkBu1UMo1rhQT7+SsFTBYHupwcDKjFe/KLFtyRhppleCA\nFSg+zRdkNwrR7PPKLFFfYXuU8Ri0R/Nn2nGOKGooAaw734DbYjGFYscCgYEA7JBZ\nSVBtecKFVgVjqwH+xI/JxNrXiqpsc5EqPehU8JgvFIGj1+aYLk2Y7gET28dElFkd\nBa1uVrTq02MaFhYkaXG+fUwopStcJk06mtykEJZJvimPLSdLxevaqhME/R+GWCrI\n342RSWPGQcc6T/8EKZ5D54KxSHlrhnG5JVaFL5UCgYANd1v4V5+iVDLtD37EgRVd\n3/W+B2U4bYScf8PUMqD5ZmRIpBXdB2W27Ho+nJa9qnKajcpV+ThYQxtd1SiJzMxF\nI8z+T+bWpV3TdVtqf84BA8Pl28glQquxFLlqXpjiHLTAhMeQCZxP4wSzopd/rimV\npaQYRfdp6et81F2mGHHgnwKBgQDWoNChV7s7sWTP+uvGh3TiWaKyW+sbACyNXbN5\nn4URFMICVOyWQbzopbaOmaOuz0hFX+SY9hUZzeMQDuXoDAbVNEGj5Kkr0f81MPRu\n9KhV9ETLp2EjkneJBsfJbqAkF6oH7Cl7yjF66G9D1sHtOm5IZDMvpL+8BY2s2Rkl\n6y3DUQKBgQCFppLpgqIEGskY5J4+hDx64VIpRspnxe4CH3K58T2F87S4g+JxTm+Z\nAkghgnsBLKxV6VThmtoaFc5L4jfGuKxo0uZowfhhk8P5oz8ihAm++HKNAOW7FWv6\nojuv3HNRHXJzUecz6TZU7bZ5VpHSV0heZrQdcc83qYtVeMAy0kMnog==\n-----END RSA PRIVATE KEY-----\n",
            "private_key_pem_pkcs8": "-----BEGIN PRIVATE KEY-----\nMIIEvgIBADANBgkqhkiG9w0BAQEFAASCBKgwggSkAgEAAoIBAQDSWgD3s73MOcb5\nmrL737pCzKXYbCCzdbQ1udegz4IuwspCUyuL7z9Nf+5DDQ6l5XJoYI0ZjsXDxdQF\n/HQYrSVFX41VvgTztlSA8fUPYT7MaSRjhnwXV+nI3qvqDEkdrXpFxMk8z+/lBGPi\nD4xhukuJwQAFqv5LjBNxdniwtxXNKKW6ze/P3Lig3afEqs4VsYw28lDjgXLNjlyN\ntHyb6UBvEbD5aSubfV/C/YcBegpjZ+05nlGaMZw38xOYpQZLtVRb7dTZ1VlL6uBw\nnL5lcHIwM1GornYgboe2Zuy0fOzyXUiyLZcffiZtpGM//mkv23NNO5wN9Z5VQwVt\nVnx7KAbTAgMBAAECggEAFPaDQiw94Sxtqx8pPZCxfBa8MGVJacxBH7/1jUEgzo6U\nn/RJ7EtbgHQcLb9Ckz90HcYBfQDz4VH4+N+/2I9PN5ERZ/B+VD6UQIV2A28qVi5K\nqHoU9v6VfdjMqSmwRhTgkQA1GqpeVFerqWVQFPn/E5HFJTHbrD7spFITyDvdIFgB\nnIWnOd6rYD+2vKdGSeurlqRFsCjaQuiJn5fDuyqQXw+KBY3qrwFNM/KV2TPG+Mbg\nW7AbfeizFPXFUzab8I2g0CihZH7mOXTefLxaTo7s+Q/kPQHrZ0XojmqWj1W7BIDI\nN0PsVlj2baej+ohlzqMpItjYVJrOIpbciqjpqfc1gQKBgQDjolTlOxh+gNebQ+8Y\nnpi5w+MT80XIUa6m0VaQPZ4lETaLFaAQuRD9s50oiBysjMtwm6BfUZGQG7VQyjWu\nFBPv5KwVMFge6nBwMqMV78osW3JGGmmV4IAVKD7NF2Q3CtHs88osUV9he5TxGLRH\n82facY4oaigBrDvfgNtiMYVixwKBgQDskFlJUG15woVWBWOrAf7Ej8nE2teKqmxz\nkSo96FTwmC8UgaPX5pguTZjuARPbx0SUWR0FrW5WtOrTYxoWFiRpcb59TCilK1wm\nTTqa3KQQlkm+KY8tJ0vF69qqEwT9H4ZYKsjfjZFJY8ZBxzpP/wQpnkPngrFIeWuG\ncbklVoUvlQKBgA13W/hXn6JUMu0PfsSBFV3f9b4HZThthJx/w9QyoPlmZEikFd0H\nZbbsej6clr2qcpqNylX5OFhDG13VKInMzEUjzP5P5talXdN1W2p/zgEDw+XbyCVC\nq7EUuWpemOIctMCEx5AJnE/jBLOil3+uKZWlpBhF92np63zUXaYYceCfAoGBANag\n0KFXuzuxZM/668aHdOJZorJb6xsALI1ds3mfhREUwgJU7JZBvOilto6Zo67PSEVf\n5Jj2FRnN4xAO5egMBtU0QaPkqSvR/zUw9G70qFX0RMunYSOSd4kGx8luoCQXqgfs\nKXvKMXrob0PWwe06bkhkMy+kv7wFjazZGSXrLcNRAoGBAIWmkumCogQayRjknj6E\nPHrhUilGymfF7gIfcrnxPYXztLiD4nFOb5kCSCGCewEsrFXpVOGa2hoVzkviN8a4\nrGjS5mjB+GGTw/mjPyKECb74co0A5bsVa/qiO6/cc1EdcnNR5zPpNlTttnlWkdJX\nSF5mtB1xzzepi1V4wDLSQyei\n-----END PRIVATE KEY-----\n",
            "public_key_fingerprint_md5": "a8:99:90:f3:10:cb:76:4c:16:3a:a7:39:9d:78:81:d5",
            "public_key_fingerprint_sha256": "SHA256:TxPLo3yHuPdJfTauOGY7DQIn153wyXHbyvkBCfvNSg0",
            "public_key_openssh": "ssh-rsa AAAAB3NzaC1yc2EAAAADAQABAAABAQDSWgD3s73MOcb5mrL737pCzKXYbCCzdbQ1udegz4IuwspCUyuL7z9Nf+5DDQ6l5XJoYI0ZjsXDxdQF/HQYrSVFX41VvgTztlSA8fUPYT7MaSRjhnwXV+nI3qvqDEkdrXpFxMk8z+/lBGPiD4xhukuJwQAFqv5LjBNxdniwtxXNKKW6ze/P3Lig3afEqs4VsYw28lDjgXLNjlyNtHyb6UBvEbD5aSubfV/C/YcBegpjZ+05nlGaMZw38xOYpQZLtVRb7dTZ1VlL6uBwnL5lcHIwM1GornYgboe2Zuy0fOzyXUiyLZcffiZtpGM//mkv23NNO5wN9Z5VQwVtVnx7KAbT\n",
            "public_key_pem": "-----BEGIN PUBLIC KEY-----\nMIIBIjANBgkqhkiG9w0BAQEFAAOCAQ8AMIIBCgKCAQEA0loA97O9zDnG+Zqy+9+6\nQsyl2Gwgs3W0NbnXoM+CLsLKQlMri+8/TX/uQw0OpeVyaGCNGY7Fw8XUBfx0GK0l\nRV+NVb4E87ZUgPH1D2E+zGkkY4Z8F1fpyN6r6gxJHa16RcTJPM/v5QRj4g+MYbpL\nicEABar+S4wTcXZ4sLcVzSilus3vz9y4oN2nxKrOFbGMNvJQ44FyzY5cjbR8m+lA\nbxGw+Wkrm31fwv2HAXoKY2ftOZ5RmjGcN/MTmKUGS7VUW+3U2dVZS+rgcJy+ZXBy\nMDNRqK52IG6HtmbstHzs8l1Isi2XH34mbaRjP/5pL9tzTTucDfWeVUMFbVZ8eygG\n0wIDAQAB\n-----END PUBLIC KEY-----\n",
            "rsa_bits": 2048
          },
          "sensitive_attributes": [
            [
              {
                "type": "get_attr",
                "value": "private_key_openssh"
              }
            ],
            [
              {
                "type": "get_attr",
                "value": "private_key_pem"
              }
            ],
            [
              {
                "type": "get_attr",
                "value": "private_key_pem_pkcs8"
              }
            ]
          ],
          "identity_schema_version": 0
        }
      ]
    },
    {
      "module": "module.web_server",
      "mode": "managed",
      "type": "aws_eip",
      "name": "web_ip",
      "provider": "provider[\"registry.terraform.io/hashicorp/aws\"]",
      "instances": [
        {
          "schema_version": 0,
          "attributes": {
            "address": null,
            "allocation_id": "eipalloc-0b544d08b847213bc",
            "arn": "arn:aws:ec2:us-east-2:643913568924:elastic-ip/eipalloc-0b544d08b847213bc",
            "associate_with_private_ip": null,
            "association_id": "",
            "carrier_ip": "",
            "customer_owned_ip": "",
            "customer_owned_ipv4_pool": "",
            "domain": "vpc",
            "id": "eipalloc-0b544d08b847213bc",
            "instance": "",
            "ipam_pool_id": null,
            "network_border_group": "us-east-2",
            "network_interface": "",
            "private_dns": null,
            "private_ip": "",
            "ptr_record": "",
            "public_dns": "ec2-3-18-17-124.us-east-2.compute.amazonaws.com",
            "public_ip": "3.18.17.124",
            "public_ipv4_pool": "amazon",
            "tags": {
              "Name": "portfolio-server-eip"
            },
            "tags_all": {
              "Name": "portfolio-server-eip"
            },
            "timeouts": null,
            "vpc": true
          },
          "sensitive_attributes": [],
          "identity_schema_version": 0,
          "private": "eyJlMmJmYjczMC1lY2FhLTExZTYtOGY4OC0zNDM2M2JjN2M0YzAiOnsiZGVsZXRlIjoxODAwMDAwMDAwMDAsInJlYWQiOjkwMDAwMDAwMDAwMCwidXBkYXRlIjozMDAwMDAwMDAwMDB9fQ=="
        }
      ]
    },
    {
      "module": "module.web_server",
      "mode": "managed",
      "type": "aws_instance",
      "name": "app_server",
      "provider": "provider[\"registry.terraform.io/hashicorp/aws\"]",
      "instances": [
        {
          "status": "tainted",
          "schema_version": 1,
          "attributes": {
            "ami": "ami-0cfde0ea8edd312d4",
            "arn": "arn:aws:ec2:us-east-2:643913568924:instance/i-0b7e6f087c496cadd",
            "associate_public_ip_address": true,
            "availability_zone": "us-east-2b",
            "capacity_reservation_specification": [
              {
                "capacity_reservation_preference": "open",
                "capacity_reservation_target": []
              }
            ],
            "cpu_core_count": 1,
            "cpu_options": [
              {
                "amd_sev_snp": "",
                "core_count": 1,
                "threads_per_core": 1
              }
            ],
            "cpu_threads_per_core": 1,
            "credit_specification": [
              {
                "cpu_credits": "standard"
              }
            ],
            "disable_api_stop": false,
            "disable_api_termination": false,
            "ebs_block_device": [],
            "ebs_optimized": false,
            "enable_primary_ipv6": null,
            "enclave_options": [
              {
                "enabled": false
              }
            ],
            "ephemeral_block_device": [],
            "get_password_data": false,
            "hibernation": false,
            "host_id": "",
            "host_resource_group_arn": null,
            "iam_instance_profile": "",
            "id": "i-0b7e6f087c496cadd",
            "instance_initiated_shutdown_behavior": "stop",
            "instance_lifecycle": "",
            "instance_market_options": [],
            "instance_state": "running",
            "instance_type": "t2.micro",
            "ipv6_address_count": 0,
            "ipv6_addresses": [],
            "key_name": "web-key",
            "launch_template": [],
            "maintenance_options": [
              {
                "auto_recovery": "default"
              }
            ],
            "metadata_options": [
              {
                "http_endpoint": "enabled",
                "http_protocol_ipv6": "disabled",
                "http_put_response_hop_limit": 2,
                "http_tokens": "required",
                "instance_metadata_tags": "disabled"
              }
            ],
            "monitoring": false,
            "network_interface": [],
            "outpost_arn": "",
            "password_data": "",
            "placement_group": "",
            "placement_partition_number": 0,
            "primary_network_interface_id": "eni-085c4103a0eca4347",
            "private_dns": "ip-172-31-16-100.us-east-2.compute.internal",
            "private_dns_name_options": [
              {
                "enable_resource_name_dns_a_record": false,
                "enable_resource_name_dns_aaaa_record": false,
                "hostname_type": "ip-name"
              }
            ],
            "private_ip": "172.31.16.100",
            "public_dns": "ec2-18-221-190-16.us-east-2.compute.amazonaws.com",
            "public_ip": "18.221.190.16",
            "root_block_device": [
              {
                "delete_on_termination": true,
                "device_name": "/dev/sda1",
                "encrypted": false,
                "iops": 3000,
                "kms_key_id": "",
                "tags": {},
                "tags_all": {},
                "throughput": 125,
                "volume_id": "vol-0014bece584f6ecc1",
                "volume_size": 8,
                "volume_type": "gp3"
              }
            ],
            "secondary_private_ips": [],
            "security_groups": [
              "portfolio-server-sg"
            ],
            "source_dest_check": true,
            "spot_instance_request_id": "",
            "subnet_id": "subnet-0e7f59bdf982bb6a8",
            "tags": {
              "Name": "portfolio-server"
            },
            "tags_all": {
              "Name": "portfolio-server"
            },
            "tenancy": "default",
            "timeouts": null,
            "user_data": null,
            "user_data_base64": null,
            "user_data_replace_on_change": false,
            "volume_tags": null,
            "vpc_security_group_ids": [
              "sg-0625172356afda7ff"
            ]
          },
          "sensitive_attributes": [],
          "identity_schema_version": 0,
          "private": "eyJlMmJmYjczMC1lY2FhLTExZTYtOGY4OC0zNDM2M2JjN2M0YzAiOnsiY3JlYXRlIjo2MDAwMDAwMDAwMDAsImRlbGV0ZSI6MTIwMDAwMDAwMDAwMCwicmVhZCI6OTAwMDAwMDAwMDAwLCJ1cGRhdGUiOjYwMDAwMDAwMDAwMH0sInNjaGVtYV92ZXJzaW9uIjoiMSJ9",
          "dependencies": [
            "aws_key_pair.my_aws_key",
            "local_file.my_private_key",
            "module.web_server.aws_eip.web_ip",
            "module.web_server.aws_security_group.allow_web",
            "tls_private_key.my_key"
          ]
        }
      ]
    },
    {
      "module": "module.web_server",
      "mode": "managed",
      "type": "aws_security_group",
      "name": "allow_web",
      "provider": "provider[\"registry.terraform.io/hashicorp/aws\"]",
      "instances": [
        {
          "schema_version": 1,
          "attributes": {
            "arn": "arn:aws:ec2:us-east-2:643913568924:security-group/sg-0625172356afda7ff",
            "description": "Allow HTTP and SSH inbound traffic",
            "egress": [
              {
                "cidr_blocks": [
                  "0.0.0.0/0"
                ],
                "description": "",
                "from_port": 0,
                "ipv6_cidr_blocks": [],
                "prefix_list_ids": [],
                "protocol": "-1",
                "security_groups": [],
                "self": false,
                "to_port": 0
              }
            ],
            "id": "sg-0625172356afda7ff",
            "ingress": [
              {
                "cidr_blocks": [
                  "0.0.0.0/0"
                ],
                "description": "HTTP from anywhere",
                "from_port": 80,
                "ipv6_cidr_blocks": [],
                "prefix_list_ids": [],
                "protocol": "tcp",
                "security_groups": [],
                "self": false,
                "to_port": 80
              },
              {
                "cidr_blocks": [
                  "0.0.0.0/0"
                ],
                "description": "SSH from anywhere",
                "from_port": 22,
                "ipv6_cidr_blocks": [],
                "prefix_list_ids": [],
                "protocol": "tcp",
                "security_groups": [],
                "self": false,
                "to_port": 22
              }
            ],
            "name": "portfolio-server-sg",
            "name_prefix": "",
            "owner_id": "643913568924",
            "revoke_rules_on_delete": false,
            "tags": {
              "Name": "portfolio-server-sg"
            },
            "tags_all": {
              "Name": "portfolio-server-sg"
            },
            "timeouts": null,
            "vpc_id": "vpc-096ae6c7dcd6b5411"
          },
          "sensitive_attributes": [],
          "identity_schema_version": 0,
          "private": "eyJlMmJmYjczMC1lY2FhLTExZTYtOGY4OC0zNDM2M2JjN2M0YzAiOnsiY3JlYXRlIjo2MDAwMDAwMDAwMDAsImRlbGV0ZSI6OTAwMDAwMDAwMDAwfSwic2NoZW1hX3ZlcnNpb24iOiIxIn0="
        }
      ]
    }
  ],
  "check_results": null
}
