{
  "version": 4,
  "terraform_version": "1.13.4",
  "serial": 118,
  "lineage": "60b0d9ea-f388-7ddc-95c7-758a7eb0a5e9",
  "outputs": {
    "instance_public_ip": {
      "value": "3.134.135.95",
      "type": "string"
    }
  },
  "resources": [
    {
      "mode": "managed",
      "type": "aws_key_pair",
      "name": "my_aws_key",
      "provider": "provider[\"registry.terraform.io/hashicorp/aws\"]",
      "instances": [
        {
          "schema_version": 1,
          "attributes": {
            "arn": "arn:aws:ec2:us-east-2:643913568924:key-pair/web-key",
            "fingerprint": "e6:e0:15:d9:d5:7a:00:bd:18:51:be:ad:64:d2:7d:ac",
            "id": "web-key",
            "key_name": "web-key",
            "key_name_prefix": "",
            "key_pair_id": "key-0481249066b7b4b88",
            "key_type": "rsa",
            "public_key": "ssh-rsa AAAAB3NzaC1yc2EAAAADAQABAAABAQC1fEYKN2ao353ecGQY5GBRg0MVIWw2cTRMWNhHDpJBVCXrEAQgwz8WUy5kj3bapQUQYFULkEzUoMEsAmLz7pWKJI2/u/GlEoMR7fLAU3IMUOmxBYHCWVYrWTExsVnBmOyvI5V/2vOJOqb8N0Tm4Ysoz6JZyvZfj3iyGD4xGvh53Eq4z6CRbdD2wHnojPLDnYsKojRIAlMMy83INBfpkxYUWi4a4niLeJuC50n+exZMFNg5Ij2KVxtu0om76Ywh8v3cQwRRmNb/15FOHgQYUAXQorcY4/wCvmSM1dNrOONtb7eEDRXPavVh11ke4HOnymjVl1ZBhH5Aj80jMQFL8PwD",
            "tags": {},
            "tags_all": {}
          },
          "sensitive_attributes": [],
          "identity_schema_version": 0,
          "private": "eyJzY2hlbWFfdmVyc2lvbiI6IjEifQ==",
          "dependencies": [
            "tls_private_key.my_key"
          ]
        }
      ]
    },
    {
      "mode": "managed",
      "type": "local_file",
      "name": "my_private_key",
      "provider": "provider[\"registry.terraform.io/hashicorp/local\"]",
      "instances": [
        {
          "schema_version": 0,
          "attributes": {
            "content": "-----BEGIN RSA PRIVATE KEY-----\nMIIEoAIBAAKCAQEAtXxGCjdmqN+d3nBkGORgUYNDFSFsNnE0TFjYRw6SQVQl6xAE\nIMM/FlMuZI922qUFEGBVC5BM1KDBLAJi8+6ViiSNv7vxpRKDEe3ywFNyDFDpsQWB\nwllWK1kxMbFZwZjsryOVf9rziTqm/DdE5uGLKM+iWcr2X494shg+MRr4edxKuM+g\nkW3Q9sB56Izyw52LCqI0SAJTDMvNyDQX6ZMWFFouGuJ4i3ibgudJ/nsWTBTYOSI9\nilcbbtKJu+mMIfL93EMEUZjW/9eRTh4EGFAF0KK3GOP8Ar5kjNXTazjjbW+3hA0V\nz2r1YddZHuBzp8po1ZdWQYR+QI/NIzEBS/D8AwIDAQABAoH/IYghaMHTtfmbF/5F\ns4blEcQVVB7yX4MkppAqMpBlDxNjh74hBR/a1PhWTT40nf4SpKcn3Efmtvwv6AtV\no4kksa5CgndQ4a8J7vlUxzQ9XjxhvgaTP9V0/MCXoxbUy3BcSsyVH4pudNLhbeuV\nHEbDIq2g0Y/7W9/Zhqf0COtyykQZx/9qJVULMX10g9xoJ/abtnttBMcmrdKjJfPY\nwBBCQ2X3LrzBPdZHXCKbYRulHUjM8ada54ycxUNK5traoAY9zqywF/qb8V9Hf2kR\ntm3gtnf0OFvrpDkuPgDHsMDowW85iQkLQHdwUTzYxPD7I59ZX8U1NkJyX8pNKrry\n1j+VAoGBAOMMB5mm7zN2+YkNbRgFKi53xrJzFlkyyj5+Xg0GsFu/o3/TTKcXCSUk\ndzlowKInq2Y04Eom1oBvXYk0wl0KQaB5NPjqvlJETmkZQfMTMhDeHMr5aZ6zma9c\nKVzghdsKyH1QOdieshSkyZPOc8nC3yCRPM913I6rDFihvFsusf5/AoGBAMyg4gc4\nuAqwTfwxoivV4oGBlxp0BZPK/jlj3rrFECREKuNsX344Zzvu3qeCKdCSHzdpLE6K\ncnE3VloFiwJHcA68z9ReX6UWkBK4busCa2d1ykv7JSwN9YBWG0tHZ83iJXB9G1Wd\nc6bqGmnPIsjZiNe15+JbzGviKtNzwOC+jEh9AoGAJjLV7IHraIsxvF8n5Yyo5hx8\nr3UxY1xqLk1wYVyouyboyQ6xrMLxZPBXpq77Cc0GxzFKMu+J0x3pbLYVpTWeiPMb\neG12C702O/Rl5hFqsO/NhFCl9m9dAeXNh7S2kH2l8X9X3BwG9fYre9SWInHIvF/z\nDSxVKSOZ9idv2x9mDt0CgYB/Z1vTazkLTqH/d1elO1H/mBPgYIRodGa8jLXMS421\nRsv9NShvieacpijy2lP2jEPrWAxCCmkenHmjKvhVvuzCAETV0Lx0KQwi27oTkDoW\n/Huruv5142sLMJFl2VuEEF2HIB24vIOZVQCFCHZ73xUYWSW7BbTNJs/LP7LDO2BU\ncQKBgD4dU8tYol9gbXd/CDCalZaufd6o6c5H3DWmhx5NX+Qmq7tPjoG9ftqJti5O\nrDzhNqUVGV5H5LADWTFxS4QmJgtA1EyQNR163O8vXl8iHerSL4IFdkLEUNy4h2Zm\nsDalmQ1v1rIuotXrPROLZoib4OUbKSs0R5VOs6zsGhnqYY9Y\n-----END RSA PRIVATE KEY-----\n",
            "content_base64": null,
            "content_base64sha256": "ou+nBy4qOTU0XP/YtdXj3zdvXAOmvRTX17rK1MgWVR4=",
            "content_base64sha512": "8Qh4d1Y9KsZ+lqJT1sblFcB2/ufjRFBJNmgQOJXMASpFDZJJVoFNiUj8Kv9QKg1jF8i/DkPk54QhGajWcPbflg==",
            "content_md5": "e956d1daeca069726ea8ca616590de0c",
            "content_sha1": "49a18418ba515e6ff0abf8bf09e47eaea635074d",
            "content_sha256": "a2efa7072e2a3935345cffd8b5d5e3df376f5c03a6bd14d7d7bacad4c816551e",
            "content_sha512": "f1087877563d2ac67e96a253d6c6e515c076fee7e34450493668103895cc012a450d924956814d8948fc2aff502a0d6317c8bf0e43e4e7842119a8d670f6df96",
            "directory_permission": "0777",
            "file_permission": "0600",
            "filename": "web-key.pem",
            "id": "49a18418ba515e6ff0abf8bf09e47eaea635074d",
            "sensitive_content": null,
            "source": null
          },
          "sensitive_attributes": [
            [
              {
                "type": "get_attr",
                "value": "content"
              }
            ],
            [
              {
                "type": "get_attr",
                "value": "sensitive_content"
              }
            ]
          ],
          "identity_schema_version": 0,
          "dependencies": [
            "tls_private_key.my_key"
          ]
        }
      ]
    },
    {
      "mode": "managed",
      "type": "tls_private_key",
      "name": "my_key",
      "provider": "provider[\"registry.terraform.io/hashicorp/tls\"]",
      "instances": [
        {
          "schema_version": 1,
          "attributes": {
            "algorithm": "RSA",
            "ecdsa_curve": "P224",
            "id": "d940dc9a37ebc7d931f0261eaec5a6901575548e",
            "private_key_openssh": "-----BEGIN OPENSSH PRIVATE KEY-----\nb3BlbnNzaC1rZXktdjEAAAAABG5vbmUAAAAEbm9uZQAAAAAAAAABAAABFwAAAAdz\nc2gtcnNhAAAAAwEAAQAAAQEAtXxGCjdmqN+d3nBkGORgUYNDFSFsNnE0TFjYRw6S\nQVQl6xAEIMM/FlMuZI922qUFEGBVC5BM1KDBLAJi8+6ViiSNv7vxpRKDEe3ywFNy\nDFDpsQWBwllWK1kxMbFZwZjsryOVf9rziTqm/DdE5uGLKM+iWcr2X494shg+MRr4\nedxKuM+gkW3Q9sB56Izyw52LCqI0SAJTDMvNyDQX6ZMWFFouGuJ4i3ibgudJ/nsW\nTBTYOSI9ilcbbtKJu+mMIfL93EMEUZjW/9eRTh4EGFAF0KK3GOP8Ar5kjNXTazjj\nbW+3hA0Vz2r1YddZHuBzp8po1ZdWQYR+QI/NIzEBS/D8AwAAA7j5veeS+b3nkgAA\nAAdzc2gtcnNhAAABAQC1fEYKN2ao353ecGQY5GBRg0MVIWw2cTRMWNhHDpJBVCXr\nEAQgwz8WUy5kj3bapQUQYFULkEzUoMEsAmLz7pWKJI2/u/GlEoMR7fLAU3IMUOmx\nBYHCWVYrWTExsVnBmOyvI5V/2vOJOqb8N0Tm4Ysoz6JZyvZfj3iyGD4xGvh53Eq4\nz6CRbdD2wHnojPLDnYsKojRIAlMMy83INBfpkxYUWi4a4niLeJuC50n+exZMFNg5\nIj2KVxtu0om76Ywh8v3cQwRRmNb/15FOHgQYUAXQorcY4/wCvmSM1dNrOONtb7eE\nDRXPavVh11ke4HOnymjVl1ZBhH5Aj80jMQFL8PwDAAAAAwEAAQAAAP8hiCFowdO1\n+ZsX/kWzhuURxBVUHvJfgySmkCoykGUPE2OHviEFH9rU+FZNPjSd/hKkpyfcR+a2\n/C/oC1WjiSSxrkKCd1Dhrwnu+VTHND1ePGG+BpM/1XT8wJejFtTLcFxKzJUfim50\n0uFt65UcRsMiraDRj/tb39mGp/QI63LKRBnH/2olVQsxfXSD3Ggn9pu2e20Exyat\n0qMl89jAEEJDZfcuvME91kdcIpthG6UdSMzxp1rnjJzFQ0rm2tqgBj3OrLAX+pvx\nX0d/aRG2beC2d/Q4W+ukOS4+AMewwOjBbzmJCQtAd3BRPNjE8Psjn1lfxTU2QnJf\nyk0quvLWP5UAAACAPh1Ty1iiX2Btd38IMJqVlq593qjpzkfcNaaHHk1f5Caru0+O\ngb1+2om2Lk6sPOE2pRUZXkfksANZMXFLhCYmC0DUTJA1HXrc7y9eXyId6tIvggV2\nQsRQ3LiHZmawNqWZDW/Wsi6i1es9E4tmiJvg5RspKzRHlU6zrOwaGephj1gAAACB\nAOMMB5mm7zN2+YkNbRgFKi53xrJzFlkyyj5+Xg0GsFu/o3/TTKcXCSUkdzlowKIn\nq2Y04Eom1oBvXYk0wl0KQaB5NPjqvlJETmkZQfMTMhDeHMr5aZ6zma9cKVzghdsK\nyH1QOdieshSkyZPOc8nC3yCRPM913I6rDFihvFsusf5/AAAAgQDMoOIHOLgKsE38\nMaIr1eKBgZcadAWTyv45Y966xRAkRCrjbF9+OGc77t6nginQkh83aSxOinJxN1Za\nBYsCR3AOvM/UXl+lFpASuG7rAmtndcpL+yUsDfWAVhtLR2fN4iVwfRtVnXOm6hpp\nzyLI2YjXtefiW8xr4irTc8DgvoxIfQAAAAABAgME\n-----END OPENSSH PRIVATE KEY-----\n",
            "private_key_pem": "-----BEGIN RSA PRIVATE KEY-----\nMIIEoAIBAAKCAQEAtXxGCjdmqN+d3nBkGORgUYNDFSFsNnE0TFjYRw6SQVQl6xAE\nIMM/FlMuZI922qUFEGBVC5BM1KDBLAJi8+6ViiSNv7vxpRKDEe3ywFNyDFDpsQWB\nwllWK1kxMbFZwZjsryOVf9rziTqm/DdE5uGLKM+iWcr2X494shg+MRr4edxKuM+g\nkW3Q9sB56Izyw52LCqI0SAJTDMvNyDQX6ZMWFFouGuJ4i3ibgudJ/nsWTBTYOSI9\nilcbbtKJu+mMIfL93EMEUZjW/9eRTh4EGFAF0KK3GOP8Ar5kjNXTazjjbW+3hA0V\nz2r1YddZHuBzp8po1ZdWQYR+QI/NIzEBS/D8AwIDAQABAoH/IYghaMHTtfmbF/5F\ns4blEcQVVB7yX4MkppAqMpBlDxNjh74hBR/a1PhWTT40nf4SpKcn3Efmtvwv6AtV\no4kksa5CgndQ4a8J7vlUxzQ9XjxhvgaTP9V0/MCXoxbUy3BcSsyVH4pudNLhbeuV\nHEbDIq2g0Y/7W9/Zhqf0COtyykQZx/9qJVULMX10g9xoJ/abtnttBMcmrdKjJfPY\nwBBCQ2X3LrzBPdZHXCKbYRulHUjM8ada54ycxUNK5traoAY9zqywF/qb8V9Hf2kR\ntm3gtnf0OFvrpDkuPgDHsMDowW85iQkLQHdwUTzYxPD7I59ZX8U1NkJyX8pNKrry\n1j+VAoGBAOMMB5mm7zN2+YkNbRgFKi53xrJzFlkyyj5+Xg0GsFu/o3/TTKcXCSUk\ndzlowKInq2Y04Eom1oBvXYk0wl0KQaB5NPjqvlJETmkZQfMTMhDeHMr5aZ6zma9c\nKVzghdsKyH1QOdieshSkyZPOc8nC3yCRPM913I6rDFihvFsusf5/AoGBAMyg4gc4\nuAqwTfwxoivV4oGBlxp0BZPK/jlj3rrFECREKuNsX344Zzvu3qeCKdCSHzdpLE6K\ncnE3VloFiwJHcA68z9ReX6UWkBK4busCa2d1ykv7JSwN9YBWG0tHZ83iJXB9G1Wd\nc6bqGmnPIsjZiNe15+JbzGviKtNzwOC+jEh9AoGAJjLV7IHraIsxvF8n5Yyo5hx8\nr3UxY1xqLk1wYVyouyboyQ6xrMLxZPBXpq77Cc0GxzFKMu+J0x3pbLYVpTWeiPMb\neG12C702O/Rl5hFqsO/NhFCl9m9dAeXNh7S2kH2l8X9X3BwG9fYre9SWInHIvF/z\nDSxVKSOZ9idv2x9mDt0CgYB/Z1vTazkLTqH/d1elO1H/mBPgYIRodGa8jLXMS421\nRsv9NShvieacpijy2lP2jEPrWAxCCmkenHmjKvhVvuzCAETV0Lx0KQwi27oTkDoW\n/Huruv5142sLMJFl2VuEEF2HIB24vIOZVQCFCHZ73xUYWSW7BbTNJs/LP7LDO2BU\ncQKBgD4dU8tYol9gbXd/CDCalZaufd6o6c5H3DWmhx5NX+Qmq7tPjoG9ftqJti5O\nrDzhNqUVGV5H5LADWTFxS4QmJgtA1EyQNR163O8vXl8iHerSL4IFdkLEUNy4h2Zm\nsDalmQ1v1rIuotXrPROLZoib4OUbKSs0R5VOs6zsGhnqYY9Y\n-----END RSA PRIVATE KEY-----\n",
            "private_key_pem_pkcs8": "-----BEGIN PRIVATE KEY-----\nMIIEugIBADANBgkqhkiG9w0BAQEFAASCBKQwggSgAgEAAoIBAQC1fEYKN2ao353e\ncGQY5GBRg0MVIWw2cTRMWNhHDpJBVCXrEAQgwz8WUy5kj3bapQUQYFULkEzUoMEs\nAmLz7pWKJI2/u/GlEoMR7fLAU3IMUOmxBYHCWVYrWTExsVnBmOyvI5V/2vOJOqb8\nN0Tm4Ysoz6JZyvZfj3iyGD4xGvh53Eq4z6CRbdD2wHnojPLDnYsKojRIAlMMy83I\nNBfpkxYUWi4a4niLeJuC50n+exZMFNg5Ij2KVxtu0om76Ywh8v3cQwRRmNb/15FO\nHgQYUAXQorcY4/wCvmSM1dNrOONtb7eEDRXPavVh11ke4HOnymjVl1ZBhH5Aj80j\nMQFL8PwDAgMBAAECgf8hiCFowdO1+ZsX/kWzhuURxBVUHvJfgySmkCoykGUPE2OH\nviEFH9rU+FZNPjSd/hKkpyfcR+a2/C/oC1WjiSSxrkKCd1Dhrwnu+VTHND1ePGG+\nBpM/1XT8wJejFtTLcFxKzJUfim500uFt65UcRsMiraDRj/tb39mGp/QI63LKRBnH\n/2olVQsxfXSD3Ggn9pu2e20Exyat0qMl89jAEEJDZfcuvME91kdcIpthG6UdSMzx\np1rnjJzFQ0rm2tqgBj3OrLAX+pvxX0d/aRG2beC2d/Q4W+ukOS4+AMewwOjBbzmJ\nCQtAd3BRPNjE8Psjn1lfxTU2QnJfyk0quvLWP5UCgYEA4wwHmabvM3b5iQ1tGAUq\nLnfGsnMWWTLKPn5eDQawW7+jf9NMpxcJJSR3OWjAoierZjTgSibWgG9diTTCXQpB\noHk0+Oq+UkROaRlB8xMyEN4cyvlpnrOZr1wpXOCF2wrIfVA52J6yFKTJk85zycLf\nIJE8z3XcjqsMWKG8Wy6x/n8CgYEAzKDiBzi4CrBN/DGiK9XigYGXGnQFk8r+OWPe\nusUQJEQq42xffjhnO+7ep4Ip0JIfN2ksTopycTdWWgWLAkdwDrzP1F5fpRaQErhu\n6wJrZ3XKS/slLA31gFYbS0dnzeIlcH0bVZ1zpuoaac8iyNmI17Xn4lvMa+Iq03PA\n4L6MSH0CgYAmMtXsgetoizG8XyfljKjmHHyvdTFjXGouTXBhXKi7JujJDrGswvFk\n8FemrvsJzQbHMUoy74nTHelsthWlNZ6I8xt4bXYLvTY79GXmEWqw782EUKX2b10B\n5c2HtLaQfaXxf1fcHAb19it71JYicci8X/MNLFUpI5n2J2/bH2YO3QKBgH9nW9Nr\nOQtOof93V6U7Uf+YE+BghGh0ZryMtcxLjbVGy/01KG+J5pymKPLaU/aMQ+tYDEIK\naR6ceaMq+FW+7MIARNXQvHQpDCLbuhOQOhb8e6u6/nXjawswkWXZW4QQXYcgHbi8\ng5lVAIUIdnvfFRhZJbsFtM0mz8s/ssM7YFRxAoGAPh1Ty1iiX2Btd38IMJqVlq59\n3qjpzkfcNaaHHk1f5Caru0+Ogb1+2om2Lk6sPOE2pRUZXkfksANZMXFLhCYmC0DU\nTJA1HXrc7y9eXyId6tIvggV2QsRQ3LiHZmawNqWZDW/Wsi6i1es9E4tmiJvg5Rsp\nKzRHlU6zrOwaGephj1g=\n-----END PRIVATE KEY-----\n",
            "public_key_fingerprint_md5": "c4:79:f7:ad:5e:80:5a:fe:18:7a:47:9b:2c:3c:ca:28",
            "public_key_fingerprint_sha256": "SHA256:Q0OoVPsAFeY3oCXqit2rmsJ9xTp30Lib/0VBgKVcxJ4",
            "public_key_openssh": "ssh-rsa AAAAB3NzaC1yc2EAAAADAQABAAABAQC1fEYKN2ao353ecGQY5GBRg0MVIWw2cTRMWNhHDpJBVCXrEAQgwz8WUy5kj3bapQUQYFULkEzUoMEsAmLz7pWKJI2/u/GlEoMR7fLAU3IMUOmxBYHCWVYrWTExsVnBmOyvI5V/2vOJOqb8N0Tm4Ysoz6JZyvZfj3iyGD4xGvh53Eq4z6CRbdD2wHnojPLDnYsKojRIAlMMy83INBfpkxYUWi4a4niLeJuC50n+exZMFNg5Ij2KVxtu0om76Ywh8v3cQwRRmNb/15FOHgQYUAXQorcY4/wCvmSM1dNrOONtb7eEDRXPavVh11ke4HOnymjVl1ZBhH5Aj80jMQFL8PwD\n",
            "public_key_pem": "-----BEGIN PUBLIC KEY-----\nMIIBIjANBgkqhkiG9w0BAQEFAAOCAQ8AMIIBCgKCAQEAtXxGCjdmqN+d3nBkGORg\nUYNDFSFsNnE0TFjYRw6SQVQl6xAEIMM/FlMuZI922qUFEGBVC5BM1KDBLAJi8+6V\niiSNv7vxpRKDEe3ywFNyDFDpsQWBwllWK1kxMbFZwZjsryOVf9rziTqm/DdE5uGL\nKM+iWcr2X494shg+MRr4edxKuM+gkW3Q9sB56Izyw52LCqI0SAJTDMvNyDQX6ZMW\nFFouGuJ4i3ibgudJ/nsWTBTYOSI9ilcbbtKJu+mMIfL93EMEUZjW/9eRTh4EGFAF\n0KK3GOP8Ar5kjNXTazjjbW+3hA0Vz2r1YddZHuBzp8po1ZdWQYR+QI/NIzEBS/D8\nAwIDAQAB\n-----END PUBLIC KEY-----\n",
            "rsa_bits": 2048
          },
          "sensitive_attributes": [
            [
              {
                "type": "get_attr",
                "value": "private_key_openssh"
              }
            ],
            [
              {
                "type": "get_attr",
                "value": "private_key_pem"
              }
            ],
            [
              {
                "type": "get_attr",
                "value": "private_key_pem_pkcs8"
              }
            ]
          ],
          "identity_schema_version": 0
        }
      ]
    },
    {
      "module": "module.web_server",
      "mode": "managed",
      "type": "aws_eip",
      "name": "web_ip",
      "provider": "provider[\"registry.terraform.io/hashicorp/aws\"]",
      "instances": [
        {
          "schema_version": 0,
          "attributes": {
            "address": null,
            "allocation_id": "eipalloc-01f4f939a29213ba0",
            "arn": "arn:aws:ec2:us-east-2:643913568924:elastic-ip/eipalloc-01f4f939a29213ba0",
            "associate_with_private_ip": null,
            "association_id": "eipassoc-00f56a65b848ba755",
            "carrier_ip": "",
            "customer_owned_ip": "",
            "customer_owned_ipv4_pool": "",
            "domain": "vpc",
            "id": "eipalloc-01f4f939a29213ba0",
            "instance": "i-0a5e65d1dd27dde22",
            "ipam_pool_id": null,
            "network_border_group": "us-east-2",
            "network_interface": "eni-06a2491767d3f1f68",
            "private_dns": "ip-172-31-29-175.us-east-2.compute.internal",
            "private_ip": "172.31.29.175",
            "ptr_record": "",
            "public_dns": "ec2-3-134-135-95.us-east-2.compute.amazonaws.com",
            "public_ip": "3.134.135.95",
            "public_ipv4_pool": "amazon",
            "tags": {
              "Name": "web-server-eip"
            },
            "tags_all": {
              "Name": "web-server-eip"
            },
            "timeouts": null,
            "vpc": true
          },
          "sensitive_attributes": [],
          "identity_schema_version": 0,
          "private": "eyJlMmJmYjczMC1lY2FhLTExZTYtOGY4OC0zNDM2M2JjN2M0YzAiOnsiZGVsZXRlIjoxODAwMDAwMDAwMDAsInJlYWQiOjkwMDAwMDAwMDAwMCwidXBkYXRlIjozMDAwMDAwMDAwMDB9fQ=="
        }
      ]
    },
    {
      "module": "module.web_server",
      "mode": "managed",
      "type": "aws_eip_association",
      "name": "web_ip_assoc",
      "provider": "provider[\"registry.terraform.io/hashicorp/aws\"]",
      "instances": [
        {
          "schema_version": 0,
          "attributes": {
            "allocation_id": "eipalloc-01f4f939a29213ba0",
            "allow_reassociation": null,
            "id": "eipassoc-00f56a65b848ba755",
            "instance_id": "i-0a5e65d1dd27dde22",
            "network_interface_id": "eni-06a2491767d3f1f68",
            "private_ip_address": "172.31.29.175",
            "public_ip": "3.134.135.95"
          },
          "sensitive_attributes": [],
          "identity_schema_version": 0,
          "private": "bnVsbA==",
          "dependencies": [
            "aws_key_pair.my_aws_key",
            "local_file.my_private_key",
            "module.web_server.aws_eip.web_ip",
            "module.web_server.aws_instance.app_server",
            "module.web_server.aws_security_group.allow_web",
            "tls_private_key.my_key"
          ]
        }
      ]
    },
    {
      "module": "module.web_server",
      "mode": "managed",
      "type": "aws_instance",
      "name": "app_server",
      "provider": "provider[\"registry.terraform.io/hashicorp/aws\"]",
      "instances": [
        {
          "schema_version": 1,
          "attributes": {
            "ami": "ami-0cfde0ea8edd312d4",
            "arn": "arn:aws:ec2:us-east-2:643913568924:instance/i-0a5e65d1dd27dde22",
            "associate_public_ip_address": true,
            "availability_zone": "us-east-2b",
            "capacity_reservation_specification": [
              {
                "capacity_reservation_preference": "open",
                "capacity_reservation_target": []
              }
            ],
            "cpu_core_count": 1,
            "cpu_options": [
              {
                "amd_sev_snp": "",
                "core_count": 1,
                "threads_per_core": 1
              }
            ],
            "cpu_threads_per_core": 1,
            "credit_specification": [
              {
                "cpu_credits": "standard"
              }
            ],
            "disable_api_stop": false,
            "disable_api_termination": false,
            "ebs_block_device": [],
            "ebs_optimized": false,
            "enable_primary_ipv6": null,
            "enclave_options": [
              {
                "enabled": false
              }
            ],
            "ephemeral_block_device": [],
            "get_password_data": false,
            "hibernation": false,
            "host_id": "",
            "host_resource_group_arn": null,
            "iam_instance_profile": "",
            "id": "i-0a5e65d1dd27dde22",
            "instance_initiated_shutdown_behavior": "stop",
            "instance_lifecycle": "",
            "instance_market_options": [],
            "instance_state": "running",
            "instance_type": "t2.micro",
            "ipv6_address_count": 0,
            "ipv6_addresses": [],
            "key_name": "web-key",
            "launch_template": [],
            "maintenance_options": [
              {
                "auto_recovery": "default"
              }
            ],
            "metadata_options": [
              {
                "http_endpoint": "enabled",
                "http_protocol_ipv6": "disabled",
                "http_put_response_hop_limit": 2,
                "http_tokens": "required",
                "instance_metadata_tags": "disabled"
              }
            ],
            "monitoring": false,
            "network_interface": [],
            "outpost_arn": "",
            "password_data": "",
            "placement_group": "",
            "placement_partition_number": 0,
            "primary_network_interface_id": "eni-06a2491767d3f1f68",
            "private_dns": "ip-172-31-29-175.us-east-2.compute.internal",
            "private_dns_name_options": [
              {
                "enable_resource_name_dns_a_record": false,
                "enable_resource_name_dns_aaaa_record": false,
                "hostname_type": "ip-name"
              }
            ],
            "private_ip": "172.31.29.175",
            "public_dns": "ec2-3-134-135-95.us-east-2.compute.amazonaws.com",
            "public_ip": "3.134.135.95",
            "root_block_device": [
              {
                "delete_on_termination": true,
                "device_name": "/dev/sda1",
                "encrypted": false,
                "iops": 3000,
                "kms_key_id": "",
                "tags": {},
                "tags_all": {},
                "throughput": 125,
                "volume_id": "vol-0b6dc1ed24b367923",
                "volume_size": 8,
                "volume_type": "gp3"
              }
            ],
            "secondary_private_ips": [],
            "security_groups": [
              "web-server-sg"
            ],
            "source_dest_check": true,
            "spot_instance_request_id": "",
            "subnet_id": "subnet-0e7f59bdf982bb6a8",
            "tags": {
              "Name": "web-server"
            },
            "tags_all": {
              "Name": "web-server"
            },
            "tenancy": "default",
            "timeouts": null,
            "user_data": "ad269aa8e1e54319b40c65948062d891dc243737",
            "user_data_base64": null,
            "user_data_replace_on_change": false,
            "volume_tags": null,
            "vpc_security_group_ids": [
              "sg-0d0d182369d8899a8"
            ]
          },
          "sensitive_attributes": [],
          "identity_schema_version": 0,
          "private": "eyJlMmJmYjczMC1lY2FhLTExZTYtOGY4OC0zNDM2M2JjN2M0YzAiOnsiY3JlYXRlIjo2MDAwMDAwMDAwMDAsImRlbGV0ZSI6MTIwMDAwMDAwMDAwMCwicmVhZCI6OTAwMDAwMDAwMDAwLCJ1cGRhdGUiOjYwMDAwMDAwMDAwMH0sInNjaGVtYV92ZXJzaW9uIjoiMSJ9",
          "dependencies": [
            "aws_key_pair.my_aws_key",
            "local_file.my_private_key",
            "module.web_server.aws_eip.web_ip",
            "module.web_server.aws_security_group.allow_web",
            "tls_private_key.my_key"
          ]
        }
      ]
    },
    {
      "module": "module.web_server",
      "mode": "managed",
      "type": "aws_security_group",
      "name": "allow_web",
      "provider": "provider[\"registry.terraform.io/hashicorp/aws\"]",
      "instances": [
        {
          "schema_version": 1,
          "attributes": {
            "arn": "arn:aws:ec2:us-east-2:643913568924:security-group/sg-0d0d182369d8899a8",
            "description": "Allow HTTP and SSH inbound traffic",
            "egress": [
              {
                "cidr_blocks": [
                  "0.0.0.0/0"
                ],
                "description": "",
                "from_port": 0,
                "ipv6_cidr_blocks": [],
                "prefix_list_ids": [],
                "protocol": "-1",
                "security_groups": [],
                "self": false,
                "to_port": 0
              }
            ],
            "id": "sg-0d0d182369d8899a8",
            "ingress": [
              {
                "cidr_blocks": [
                  "0.0.0.0/0"
                ],
                "description": "HTTP from anywhere",
                "from_port": 80,
                "ipv6_cidr_blocks": [],
                "prefix_list_ids": [],
                "protocol": "tcp",
                "security_groups": [],
                "self": false,
                "to_port": 80
              },
              {
                "cidr_blocks": [
                  "0.0.0.0/0"
                ],
                "description": "HTTPS from anywhere",
                "from_port": 443,
                "ipv6_cidr_blocks": [],
                "prefix_list_ids": [],
                "protocol": "tcp",
                "security_groups": [],
                "self": false,
                "to_port": 443
              },
              {
                "cidr_blocks": [
                  "0.0.0.0/0"
                ],
                "description": "NPM Admin Port 81",
                "from_port": 81,
                "ipv6_cidr_blocks": [],
                "prefix_list_ids": [],
                "protocol": "tcp",
                "security_groups": [],
                "self": false,
                "to_port": 81
              },
              {
                "cidr_blocks": [
                  "0.0.0.0/0"
                ],
                "description": "SSH from anywhere",
                "from_port": 22,
                "ipv6_cidr_blocks": [],
                "prefix_list_ids": [],
                "protocol": "tcp",
                "security_groups": [],
                "self": false,
                "to_port": 22
              }
            ],
            "name": "web-server-sg",
            "name_prefix": "",
            "owner_id": "643913568924",
            "revoke_rules_on_delete": false,
            "tags": {
              "Name": "web-server-sg"
            },
            "tags_all": {
              "Name": "web-server-sg"
            },
            "timeouts": null,
            "vpc_id": "vpc-096ae6c7dcd6b5411"
          },
          "sensitive_attributes": [],
          "identity_schema_version": 0,
          "private": "eyJlMmJmYjczMC1lY2FhLTExZTYtOGY4OC0zNDM2M2JjN2M0YzAiOnsiY3JlYXRlIjo2MDAwMDAwMDAwMDAsImRlbGV0ZSI6OTAwMDAwMDAwMDAwfSwic2NoZW1hX3ZlcnNpb24iOiIxIn0="
        }
      ]
    },
    {
      "module": "module.web_server",
      "mode": "managed",
      "type": "time_sleep",
      "name": "wait_for_network",
      "provider": "provider[\"registry.terraform.io/hashicorp/time\"]",
      "instances": [
        {
          "schema_version": 0,
          "attributes": {
            "create_duration": "60s",
            "destroy_duration": null,
            "id": "2025-10-24T01:01:35Z",
            "triggers": null
          },
          "sensitive_attributes": [],
          "identity_schema_version": 0,
          "dependencies": [
            "aws_key_pair.my_aws_key",
            "local_file.my_private_key",
            "module.web_server.aws_eip.web_ip",
            "module.web_server.aws_eip_association.web_ip_assoc",
            "module.web_server.aws_instance.app_server",
            "module.web_server.aws_security_group.allow_web",
            "tls_private_key.my_key"
          ]
        }
      ]
    }
  ],
  "check_results": null
}
